Microsoft Visual Studio Solution File, Format Version 12.00
# Visual Studio Version 17
VisualStudioVersion = 17.5.2.0
MinimumVisualStudioVersion = 10.0.40219.1
Project("{FAE04EC0-301F-11D3-BF4B-00C04F79EFBC}") = "PollPoll", "PollPoll\PollPoll.csproj", "{407405AA-00F2-AE46-96E8-7BF76A07225F}"
EndProject
Project("{FAE04EC0-301F-11D3-BF4B-00C04F79EFBC}") = "PollPoll.Tests", "PollPoll.Tests\PollPoll.Tests.csproj", "{A36824C5-7167-0133-D8BC-C07F8A441B98}"
EndProject
Global
	GlobalSection(SolutionConfigurationPlatforms) = preSolution
		Debug|Any CPU = Debug|Any CPU
		Release|Any CPU = Release|Any CPU
	EndGlobalSection
	GlobalSection(ProjectConfigurationPlatforms) = postSolution
		{407405AA-00F2-AE46-96E8-7BF76A07225F}.Debug|Any CPU.ActiveCfg = Debug|Any CPU
		{407405AA-00F2-AE46-96E8-7BF76A07225F}.Debug|Any CPU.Build.0 = Debug|Any CPU
		{407405AA-00F2-AE46-96E8-7BF76A07225F}.Release|Any CPU.ActiveCfg = Release|Any CPU
		{407405AA-00F2-AE46-96E8-7BF76A07225F}.Release|Any CPU.Build.0 = Release|Any CPU
		{A36824C5-7167-0133-D8BC-C07F8A441B98}.Debug|Any CPU.ActiveCfg = Debug|Any CPU
		{A36824C5-7167-0133-D8BC-C07F8A441B98}.Debug|Any CPU.Build.0 = Debug|Any CPU
		{A36824C5-7167-0133-D8BC-C07F8A441B98}.Release|Any CPU.ActiveCfg = Release|Any CPU
		{A36824C5-7167-0133-D8BC-C07F8A441B98}.Release|Any CPU.Build.0 = Release|Any CPU
	EndGlobalSection
	GlobalSection(SolutionProperties) = preSolution
		HideSolutionNode = FALSE
	EndGlobalSection
	GlobalSection(ExtensibilityGlobals) = postSolution
		SolutionGuid = {8D8C0DCD-3827-4D35-87F0-4F07E73EADD3}
	EndGlobalSection
EndGlobal
